
Microsoft Visual Studio Solution File, Format Version 12.00
# Visual Studio 15
VisualStudioVersion = 15.0.28010.2016
MinimumVisualStudioVersion = 10.0.40219.1
Project("{FAE04EC0-301F-11D3-BF4B-00C04F79EFBC}") = "TestsGenerationLibrary", "TestsGenerationLibrary\TestsGenerationLibrary.csproj", "{73EA68F4-B04A-4597-9A7B-3AEF58C6989F}"
EndProject
Project("{FAE04EC0-301F-11D3-BF4B-00C04F79EFBC}") = "TestTemplatesGenerator", "TestTemplatesGenerator\TestTemplatesGenerator.csproj", "{C90CA402-DF2B-47D2-8049-28DCF865E05E}"
EndProject
Project("{FAE04EC0-301F-11D3-BF4B-00C04F79EFBC}") = "TestsGeneratoinLibraryTests", "TestsGeneratoinLibraryTests\TestsGeneratoinLibraryTests.csproj", "{70578513-2C4F-4F7C-9214-4F901B5C93C7}"
EndProject
Global
	GlobalSection(SolutionConfigurationPlatforms) = preSolution
		Debug|Any CPU = Debug|Any CPU
		Release|Any CPU = Release|Any CPU
	EndGlobalSection
	GlobalSection(ProjectConfigurationPlatforms) = postSolution
		{73EA68F4-B04A-4597-9A7B-3AEF58C6989F}.Debug|Any CPU.ActiveCfg = Debug|Any CPU
		{73EA68F4-B04A-4597-9A7B-3AEF58C6989F}.Debug|Any CPU.Build.0 = Debug|Any CPU
		{73EA68F4-B04A-4597-9A7B-3AEF58C6989F}.Release|Any CPU.ActiveCfg = Release|Any CPU
		{73EA68F4-B04A-4597-9A7B-3AEF58C6989F}.Release|Any CPU.Build.0 = Release|Any CPU
		{C90CA402-DF2B-47D2-8049-28DCF865E05E}.Debug|Any CPU.ActiveCfg = Debug|Any CPU
		{C90CA402-DF2B-47D2-8049-28DCF865E05E}.Debug|Any CPU.Build.0 = Debug|Any CPU
		{C90CA402-DF2B-47D2-8049-28DCF865E05E}.Release|Any CPU.ActiveCfg = Release|Any CPU
		{C90CA402-DF2B-47D2-8049-28DCF865E05E}.Release|Any CPU.Build.0 = Release|Any CPU
		{70578513-2C4F-4F7C-9214-4F901B5C93C7}.Debug|Any CPU.ActiveCfg = Debug|Any CPU
		{70578513-2C4F-4F7C-9214-4F901B5C93C7}.Debug|Any CPU.Build.0 = Debug|Any CPU
		{70578513-2C4F-4F7C-9214-4F901B5C93C7}.Release|Any CPU.ActiveCfg = Release|Any CPU
		{70578513-2C4F-4F7C-9214-4F901B5C93C7}.Release|Any CPU.Build.0 = Release|Any CPU
	EndGlobalSection
	GlobalSection(SolutionProperties) = preSolution
		HideSolutionNode = FALSE
	EndGlobalSection
	GlobalSection(ExtensibilityGlobals) = postSolution
		SolutionGuid = {B666EAA0-DBE3-4891-B318-5013EA69C6D7}
	EndGlobalSection
EndGlobal
